
Microsoft Visual Studio Solution File, Format Version 12.00
# Visual Studio Version 17
VisualStudioVersion = 17.11.35327.3
MinimumVisualStudioVersion = 10.0.40219.1
Project("{FAE04EC0-301F-11D3-BF4B-00C04F79EFBC}") = "Lab4", "Lab4\Lab4.csproj", "{D565474D-6BB8-4AEC-9BF8-EDB6D8BCCBF1}"
EndProject
Global
	GlobalSection(SolutionConfigurationPlatforms) = preSolution
		Debug|Any CPU = Debug|Any CPU
		Release|Any CPU = Release|Any CPU
	EndGlobalSection
	GlobalSection(ProjectConfigurationPlatforms) = postSolution
		{D565474D-6BB8-4AEC-9BF8-EDB6D8BCCBF1}.Debug|Any CPU.ActiveCfg = Debug|Any CPU
		{D565474D-6BB8-4AEC-9BF8-EDB6D8BCCBF1}.Debug|Any CPU.Build.0 = Debug|Any CPU
		{D565474D-6BB8-4AEC-9BF8-EDB6D8BCCBF1}.Release|Any CPU.ActiveCfg = Release|Any CPU
		{D565474D-6BB8-4AEC-9BF8-EDB6D8BCCBF1}.Release|Any CPU.Build.0 = Release|Any CPU
	EndGlobalSection
	GlobalSection(SolutionProperties) = preSolution
		HideSolutionNode = FALSE
	EndGlobalSection
	GlobalSection(ExtensibilityGlobals) = postSolution
		SolutionGuid = {58B5603E-3121-439F-8AD2-4EFC213E71F0}
	EndGlobalSection
EndGlobal
